
Microsoft Visual Studio Solution File, Format Version 12.00
# Visual Studio Version 16
VisualStudioVersion = 16.0.29411.108
MinimumVisualStudioVersion = 10.0.40219.1
Project("{9A19103F-16F7-4668-BE54-9A1E7A4F7556}") = "ModelBuilder", "ModelBuilder\ModelBuilder.csproj", "{3DBFFD63-7442-4C4C-B123-C9BE88AC9667}"
EndProject
Project("{9A19103F-16F7-4668-BE54-9A1E7A4F7556}") = "ModelBuilder.UnitTests", "ModelBuilder.UnitTests\ModelBuilder.UnitTests.csproj", "{CF3897C3-F068-4C11-8207-C9255A30E3DF}"
EndProject
Project("{2150E333-8FDC-42A3-9474-1A3956D46DE8}") = "Solution Items", "Solution Items", "{DF0B60D9-E857-4192-803B-AB334B984FE9}"
	ProjectSection(SolutionItems) = preProject
		Solution Items\Application.ruleset = Solution Items\Application.ruleset
		Solution Items\CustomDictionary.xml = Solution Items\CustomDictionary.xml
		GitVersion.yml = GitVersion.yml
		Solution Items\UnitTest.ruleset = Solution Items\UnitTest.ruleset
	EndProjectSection
EndProject
Project("{2150E333-8FDC-42A3-9474-1A3956D46DE8}") = "Documentation", "Documentation", "{EBCF1633-3948-4DE6-A189-04FB1BD5EB06}"
	ProjectSection(SolutionItems) = preProject
		LICENSE.md = LICENSE.md
		README.md = README.md
	EndProjectSection
EndProject
Project("{2150E333-8FDC-42A3-9474-1A3956D46DE8}") = ".github", ".github", "{CD7163B6-B29A-4FCE-9009-8A49770ECAEA}"
EndProject
Project("{2150E333-8FDC-42A3-9474-1A3956D46DE8}") = "workflows", "workflows", "{1DA8BF66-DCF1-4714-99DC-BCA206758D9C}"
	ProjectSection(SolutionItems) = preProject
		.github\workflows\ci.yml = .github\workflows\ci.yml
	EndProjectSection
EndProject
Global
	GlobalSection(SolutionConfigurationPlatforms) = preSolution
		Debug|Any CPU = Debug|Any CPU
		Debug|x64 = Debug|x64
		Debug|x86 = Debug|x86
		Release|Any CPU = Release|Any CPU
		Release|x64 = Release|x64
		Release|x86 = Release|x86
	EndGlobalSection
	GlobalSection(ProjectConfigurationPlatforms) = postSolution
		{3DBFFD63-7442-4C4C-B123-C9BE88AC9667}.Debug|Any CPU.ActiveCfg = Debug|Any CPU
		{3DBFFD63-7442-4C4C-B123-C9BE88AC9667}.Debug|Any CPU.Build.0 = Debug|Any CPU
		{3DBFFD63-7442-4C4C-B123-C9BE88AC9667}.Debug|x64.ActiveCfg = Debug|Any CPU
		{3DBFFD63-7442-4C4C-B123-C9BE88AC9667}.Debug|x64.Build.0 = Debug|Any CPU
		{3DBFFD63-7442-4C4C-B123-C9BE88AC9667}.Debug|x86.ActiveCfg = Debug|Any CPU
		{3DBFFD63-7442-4C4C-B123-C9BE88AC9667}.Debug|x86.Build.0 = Debug|Any CPU
		{3DBFFD63-7442-4C4C-B123-C9BE88AC9667}.Release|Any CPU.ActiveCfg = Release|Any CPU
		{3DBFFD63-7442-4C4C-B123-C9BE88AC9667}.Release|Any CPU.Build.0 = Release|Any CPU
		{3DBFFD63-7442-4C4C-B123-C9BE88AC9667}.Release|x64.ActiveCfg = Release|Any CPU
		{3DBFFD63-7442-4C4C-B123-C9BE88AC9667}.Release|x64.Build.0 = Release|Any CPU
		{3DBFFD63-7442-4C4C-B123-C9BE88AC9667}.Release|x86.ActiveCfg = Release|Any CPU
		{3DBFFD63-7442-4C4C-B123-C9BE88AC9667}.Release|x86.Build.0 = Release|Any CPU
		{CF3897C3-F068-4C11-8207-C9255A30E3DF}.Debug|Any CPU.ActiveCfg = Debug|Any CPU
		{CF3897C3-F068-4C11-8207-C9255A30E3DF}.Debug|Any CPU.Build.0 = Debug|Any CPU
		{CF3897C3-F068-4C11-8207-C9255A30E3DF}.Debug|x64.ActiveCfg = Debug|Any CPU
		{CF3897C3-F068-4C11-8207-C9255A30E3DF}.Debug|x64.Build.0 = Debug|Any CPU
		{CF3897C3-F068-4C11-8207-C9255A30E3DF}.Debug|x86.ActiveCfg = Debug|Any CPU
		{CF3897C3-F068-4C11-8207-C9255A30E3DF}.Debug|x86.Build.0 = Debug|Any CPU
		{CF3897C3-F068-4C11-8207-C9255A30E3DF}.Release|Any CPU.ActiveCfg = Release|Any CPU
		{CF3897C3-F068-4C11-8207-C9255A30E3DF}.Release|Any CPU.Build.0 = Release|Any CPU
		{CF3897C3-F068-4C11-8207-C9255A30E3DF}.Release|x64.ActiveCfg = Release|Any CPU
		{CF3897C3-F068-4C11-8207-C9255A30E3DF}.Release|x64.Build.0 = Release|Any CPU
		{CF3897C3-F068-4C11-8207-C9255A30E3DF}.Release|x86.ActiveCfg = Release|Any CPU
		{CF3897C3-F068-4C11-8207-C9255A30E3DF}.Release|x86.Build.0 = Release|Any CPU
	EndGlobalSection
	GlobalSection(SolutionProperties) = preSolution
		HideSolutionNode = FALSE
	EndGlobalSection
	GlobalSection(NestedProjects) = preSolution
		{1DA8BF66-DCF1-4714-99DC-BCA206758D9C} = {CD7163B6-B29A-4FCE-9009-8A49770ECAEA}
	EndGlobalSection
	GlobalSection(ExtensibilityGlobals) = postSolution
		SolutionGuid = {7E3F3847-F45A-456C-8D85-36113183984E}
	EndGlobalSection
EndGlobal
