
Microsoft Visual Studio Solution File, Format Version 12.00
# Visual Studio 14
VisualStudioVersion = 14.0.25420.1
MinimumVisualStudioVersion = 10.0.40219.1
Project("{FAE04EC0-301F-11D3-BF4B-00C04F79EFBC}") = "ModelBuilder", "ModelBuilder\ModelBuilder.csproj", "{3DBFFD63-7442-4C4C-B123-C9BE88AC9667}"
EndProject
Project("{FAE04EC0-301F-11D3-BF4B-00C04F79EFBC}") = "ModelBuilder.UnitTests", "ModelBuilder.UnitTests\ModelBuilder.UnitTests.csproj", "{CF3897C3-F068-4C11-8207-C9255A30E3DF}"
EndProject
Project("{2150E333-8FDC-42A3-9474-1A3956D46DE8}") = "Solution Items", "Solution Items", "{DF0B60D9-E857-4192-803B-AB334B984FE9}"
	ProjectSection(SolutionItems) = preProject
		Solution Items\Application.ruleset = Solution Items\Application.ruleset
		Solution Items\CustomDictionary.xml = Solution Items\CustomDictionary.xml
		GitVersion.yml = GitVersion.yml
		Solution Items\UnitTest.ruleset = Solution Items\UnitTest.ruleset
	EndProjectSection
EndProject
Project("{2150E333-8FDC-42A3-9474-1A3956D46DE8}") = "Documentation", "Documentation", "{EBCF1633-3948-4DE6-A189-04FB1BD5EB06}"
	ProjectSection(SolutionItems) = preProject
		README.md = README.md
	EndProjectSection
EndProject
Global
	GlobalSection(SolutionConfigurationPlatforms) = preSolution
		Debug|Any CPU = Debug|Any CPU
		Release|Any CPU = Release|Any CPU
	EndGlobalSection
	GlobalSection(ProjectConfigurationPlatforms) = postSolution
		{3DBFFD63-7442-4C4C-B123-C9BE88AC9667}.Debug|Any CPU.ActiveCfg = Debug|Any CPU
		{3DBFFD63-7442-4C4C-B123-C9BE88AC9667}.Debug|Any CPU.Build.0 = Debug|Any CPU
		{3DBFFD63-7442-4C4C-B123-C9BE88AC9667}.Release|Any CPU.ActiveCfg = Release|Any CPU
		{3DBFFD63-7442-4C4C-B123-C9BE88AC9667}.Release|Any CPU.Build.0 = Release|Any CPU
		{CF3897C3-F068-4C11-8207-C9255A30E3DF}.Debug|Any CPU.ActiveCfg = Debug|Any CPU
		{CF3897C3-F068-4C11-8207-C9255A30E3DF}.Debug|Any CPU.Build.0 = Debug|Any CPU
		{CF3897C3-F068-4C11-8207-C9255A30E3DF}.Release|Any CPU.ActiveCfg = Release|Any CPU
		{CF3897C3-F068-4C11-8207-C9255A30E3DF}.Release|Any CPU.Build.0 = Release|Any CPU
	EndGlobalSection
	GlobalSection(SolutionProperties) = preSolution
		HideSolutionNode = FALSE
	EndGlobalSection
EndGlobal
